
Microsoft Visual Studio Solution File, Format Version 10.00
# Visual Studio 2008
Project("{FAE04EC0-301F-11D3-BF4B-00C04F79EFBC}") = "AnXinWH.RFIDScan", "AnXinWH.RFIDScan\AnXinWH.RFIDScan.csproj", "{4DBF510B-6A0C-47ED-AC8A-EA90EB466EFE}"
EndProject
Project("{FAE04EC0-301F-11D3-BF4B-00C04F79EFBC}") = "Framework", "Framework\Framework.csproj", "{692D2DED-D74D-4724-8A4A-10BEDA3AA9E1}"
EndProject
Project("{FAE04EC0-301F-11D3-BF4B-00C04F79EFBC}") = "AnXinWH.RFIDStockIn", "AnXinWH.RFIDStockIn\AnXinWH.RFIDStockIn.csproj", "{A443FAA8-E64B-4C65-98F8-8DAEB8EB388E}"
EndProject
Project("{B900F1C2-3D47-4FEC-85B3-04AAF18C3634}") = "AnXinWH.RFIDScanSetUp", "AnXinWH.RFIDScanSetUp\AnXinWH.RFIDScanSetUp.vddproj", "{7D22894C-9D9B-4502-80A5-531370F2FC10}"
EndProject
Global
	GlobalSection(SolutionConfigurationPlatforms) = preSolution
		Debug|Any CPU = Debug|Any CPU
		Release|Any CPU = Release|Any CPU
	EndGlobalSection
	GlobalSection(ProjectConfigurationPlatforms) = postSolution
		{4DBF510B-6A0C-47ED-AC8A-EA90EB466EFE}.Debug|Any CPU.ActiveCfg = Debug|Any CPU
		{4DBF510B-6A0C-47ED-AC8A-EA90EB466EFE}.Debug|Any CPU.Build.0 = Debug|Any CPU
		{4DBF510B-6A0C-47ED-AC8A-EA90EB466EFE}.Debug|Any CPU.Deploy.0 = Debug|Any CPU
		{4DBF510B-6A0C-47ED-AC8A-EA90EB466EFE}.Release|Any CPU.ActiveCfg = Release|Any CPU
		{4DBF510B-6A0C-47ED-AC8A-EA90EB466EFE}.Release|Any CPU.Build.0 = Release|Any CPU
		{4DBF510B-6A0C-47ED-AC8A-EA90EB466EFE}.Release|Any CPU.Deploy.0 = Release|Any CPU
		{692D2DED-D74D-4724-8A4A-10BEDA3AA9E1}.Debug|Any CPU.ActiveCfg = Debug|Any CPU
		{692D2DED-D74D-4724-8A4A-10BEDA3AA9E1}.Debug|Any CPU.Build.0 = Debug|Any CPU
		{692D2DED-D74D-4724-8A4A-10BEDA3AA9E1}.Release|Any CPU.ActiveCfg = Release|Any CPU
		{692D2DED-D74D-4724-8A4A-10BEDA3AA9E1}.Release|Any CPU.Build.0 = Release|Any CPU
		{A443FAA8-E64B-4C65-98F8-8DAEB8EB388E}.Debug|Any CPU.ActiveCfg = Debug|Any CPU
		{A443FAA8-E64B-4C65-98F8-8DAEB8EB388E}.Debug|Any CPU.Build.0 = Debug|Any CPU
		{A443FAA8-E64B-4C65-98F8-8DAEB8EB388E}.Debug|Any CPU.Deploy.0 = Debug|Any CPU
		{A443FAA8-E64B-4C65-98F8-8DAEB8EB388E}.Release|Any CPU.ActiveCfg = Release|Any CPU
		{A443FAA8-E64B-4C65-98F8-8DAEB8EB388E}.Release|Any CPU.Build.0 = Release|Any CPU
		{A443FAA8-E64B-4C65-98F8-8DAEB8EB388E}.Release|Any CPU.Deploy.0 = Release|Any CPU
		{7D22894C-9D9B-4502-80A5-531370F2FC10}.Debug|Any CPU.ActiveCfg = Debug
		{7D22894C-9D9B-4502-80A5-531370F2FC10}.Release|Any CPU.ActiveCfg = Release
	EndGlobalSection
	GlobalSection(SolutionProperties) = preSolution
		HideSolutionNode = FALSE
	EndGlobalSection
EndGlobal
